
Microsoft Visual Studio Solution File, Format Version 12.00
# Visual Studio 15
VisualStudioVersion = 15.0.27004.2006
MinimumVisualStudioVersion = 10.0.40219.1
Project("{FAE04EC0-301F-11D3-BF4B-00C04F79EFBC}") = "CodingChallengeAPI", "CodingChallengeAPI\CodingChallengeAPI.csproj", "{E8D5A9C1-040A-475D-9868-71469659F35B}"
EndProject
Project("{FAE04EC0-301F-11D3-BF4B-00C04F79EFBC}") = "GitHub.Followers", "GitHub.Followers\GitHub.Followers.csproj", "{BD634FE5-AEBC-4257-B546-375BCCA44DBC}"
EndProject
Project("{FAE04EC0-301F-11D3-BF4B-00C04F79EFBC}") = "GitHub.Repositories", "GitHub.Repositories\GitHub.Repositories.csproj", "{78C529CA-39C3-4B48-8F4A-99E6DE259FB1}"
EndProject
Project("{FAE04EC0-301F-11D3-BF4B-00C04F79EFBC}") = "GitHub.Stargazers", "GitHub.Stargazers\GitHub.Stargazers.csproj", "{C654A442-3876-4617-BD91-A50B348FB501}"
EndProject
Global
	GlobalSection(SolutionConfigurationPlatforms) = preSolution
		Debug|Any CPU = Debug|Any CPU
		Release|Any CPU = Release|Any CPU
	EndGlobalSection
	GlobalSection(ProjectConfigurationPlatforms) = postSolution
		{E8D5A9C1-040A-475D-9868-71469659F35B}.Debug|Any CPU.ActiveCfg = Debug|Any CPU
		{E8D5A9C1-040A-475D-9868-71469659F35B}.Debug|Any CPU.Build.0 = Debug|Any CPU
		{E8D5A9C1-040A-475D-9868-71469659F35B}.Release|Any CPU.ActiveCfg = Release|Any CPU
		{E8D5A9C1-040A-475D-9868-71469659F35B}.Release|Any CPU.Build.0 = Release|Any CPU
		{BD634FE5-AEBC-4257-B546-375BCCA44DBC}.Debug|Any CPU.ActiveCfg = Debug|Any CPU
		{BD634FE5-AEBC-4257-B546-375BCCA44DBC}.Debug|Any CPU.Build.0 = Debug|Any CPU
		{BD634FE5-AEBC-4257-B546-375BCCA44DBC}.Release|Any CPU.ActiveCfg = Release|Any CPU
		{BD634FE5-AEBC-4257-B546-375BCCA44DBC}.Release|Any CPU.Build.0 = Release|Any CPU
		{78C529CA-39C3-4B48-8F4A-99E6DE259FB1}.Debug|Any CPU.ActiveCfg = Debug|Any CPU
		{78C529CA-39C3-4B48-8F4A-99E6DE259FB1}.Debug|Any CPU.Build.0 = Debug|Any CPU
		{78C529CA-39C3-4B48-8F4A-99E6DE259FB1}.Release|Any CPU.ActiveCfg = Release|Any CPU
		{78C529CA-39C3-4B48-8F4A-99E6DE259FB1}.Release|Any CPU.Build.0 = Release|Any CPU
		{C654A442-3876-4617-BD91-A50B348FB501}.Debug|Any CPU.ActiveCfg = Debug|Any CPU
		{C654A442-3876-4617-BD91-A50B348FB501}.Debug|Any CPU.Build.0 = Debug|Any CPU
		{C654A442-3876-4617-BD91-A50B348FB501}.Release|Any CPU.ActiveCfg = Release|Any CPU
		{C654A442-3876-4617-BD91-A50B348FB501}.Release|Any CPU.Build.0 = Release|Any CPU
	EndGlobalSection
	GlobalSection(SolutionProperties) = preSolution
		HideSolutionNode = FALSE
	EndGlobalSection
	GlobalSection(ExtensibilityGlobals) = postSolution
		SolutionGuid = {1D9BE542-BCE3-4E6C-8EDD-D64DCBF3BF0E}
	EndGlobalSection
EndGlobal
